
Microsoft Visual Studio Solution File, Format Version 12.00
# Visual Studio Version 16
VisualStudioVersion = 16.0.30309.148
MinimumVisualStudioVersion = 10.0.40219.1
Project("{FAE04EC0-301F-11D3-BF4B-00C04F79EFBC}") = "TRY y CATCH", "TRY y CATCH.csproj", "{CA5ED151-93CB-4642-912A-53CEA6B12852}"
EndProject
Global
	GlobalSection(SolutionConfigurationPlatforms) = preSolution
		Debug|Any CPU = Debug|Any CPU
		Release|Any CPU = Release|Any CPU
	EndGlobalSection
	GlobalSection(ProjectConfigurationPlatforms) = postSolution
		{CA5ED151-93CB-4642-912A-53CEA6B12852}.Debug|Any CPU.ActiveCfg = Debug|Any CPU
		{CA5ED151-93CB-4642-912A-53CEA6B12852}.Debug|Any CPU.Build.0 = Debug|Any CPU
		{CA5ED151-93CB-4642-912A-53CEA6B12852}.Release|Any CPU.ActiveCfg = Release|Any CPU
		{CA5ED151-93CB-4642-912A-53CEA6B12852}.Release|Any CPU.Build.0 = Release|Any CPU
	EndGlobalSection
	GlobalSection(SolutionProperties) = preSolution
		HideSolutionNode = FALSE
	EndGlobalSection
	GlobalSection(ExtensibilityGlobals) = postSolution
		SolutionGuid = {431A25E8-F60E-4F47-9001-4ACFD2162F6E}
	EndGlobalSection
EndGlobal
